
Microsoft Visual Studio Solution File, Format Version 12.00
# Visual Studio 15
Project("{FAE04EC0-301F-11D3-BF4B-00C04F79EFBC}") = "Assembly-CSharp", "Assembly-CSharp.csproj", "{DD4ADA13-FC2F-BD18-1B21-BA5A3D47A839}"
EndProject
Global
	GlobalSection(SolutionConfigurationPlatforms) = preSolution
		Debug|Any CPU = Debug|Any CPU
		Release|Any CPU = Release|Any CPU
	EndGlobalSection
	GlobalSection(ProjectConfigurationPlatforms) = postSolution
		{DD4ADA13-FC2F-BD18-1B21-BA5A3D47A839}.Debug|Any CPU.ActiveCfg = Debug|Any CPU
		{DD4ADA13-FC2F-BD18-1B21-BA5A3D47A839}.Debug|Any CPU.Build.0 = Debug|Any CPU
		{DD4ADA13-FC2F-BD18-1B21-BA5A3D47A839}.Release|Any CPU.ActiveCfg = Release|Any CPU
		{DD4ADA13-FC2F-BD18-1B21-BA5A3D47A839}.Release|Any CPU.Build.0 = Release|Any CPU
	EndGlobalSection
	GlobalSection(SolutionProperties) = preSolution
		HideSolutionNode = FALSE
	EndGlobalSection
EndGlobal
